
Microsoft Visual Studio Solution File, Format Version 12.00
# Visual Studio Version 17
VisualStudioVersion = 17.5.33516.290
MinimumVisualStudioVersion = 10.0.40219.1
Project("{FAE04EC0-301F-11D3-BF4B-00C04F79EFBC}") = "FixRPCLag", "FixRPCLag\FixRPCLag.csproj", "{24F91DF6-9BCF-4A7D-9984-7F6DE6C72B48}"
EndProject
Global
	GlobalSection(SolutionConfigurationPlatforms) = preSolution
		Debug|Any CPU = Debug|Any CPU
		Release|Any CPU = Release|Any CPU
	EndGlobalSection
	GlobalSection(ProjectConfigurationPlatforms) = postSolution
		{24F91DF6-9BCF-4A7D-9984-7F6DE6C72B48}.Debug|Any CPU.ActiveCfg = Debug|Any CPU
		{24F91DF6-9BCF-4A7D-9984-7F6DE6C72B48}.Debug|Any CPU.Build.0 = Debug|Any CPU
		{24F91DF6-9BCF-4A7D-9984-7F6DE6C72B48}.Release|Any CPU.ActiveCfg = Release|Any CPU
		{24F91DF6-9BCF-4A7D-9984-7F6DE6C72B48}.Release|Any CPU.Build.0 = Release|Any CPU
	EndGlobalSection
	GlobalSection(SolutionProperties) = preSolution
		HideSolutionNode = FALSE
	EndGlobalSection
	GlobalSection(ExtensibilityGlobals) = postSolution
		SolutionGuid = {A9DBD281-4451-4187-83F7-C8C815B1FCD1}
	EndGlobalSection
EndGlobal
